
Microsoft Visual Studio Solution File, Format Version 12.00
# Visual Studio Version 16
VisualStudioVersion = 16.0.30011.22
MinimumVisualStudioVersion = 10.0.40219.1
Project("{FAE04EC0-301F-11D3-BF4B-00C04F79EFBC}") = "CovidTracker", "CovidTracker\CovidTracker.csproj", "{71EA325E-9225-4D7E-906B-88AB2310BAC0}"
EndProject
Global
	GlobalSection(SolutionConfigurationPlatforms) = preSolution
		Debug|Any CPU = Debug|Any CPU
		Release|Any CPU = Release|Any CPU
	EndGlobalSection
	GlobalSection(ProjectConfigurationPlatforms) = postSolution
		{71EA325E-9225-4D7E-906B-88AB2310BAC0}.Debug|Any CPU.ActiveCfg = Debug|Any CPU
		{71EA325E-9225-4D7E-906B-88AB2310BAC0}.Debug|Any CPU.Build.0 = Debug|Any CPU
		{71EA325E-9225-4D7E-906B-88AB2310BAC0}.Release|Any CPU.ActiveCfg = Release|Any CPU
		{71EA325E-9225-4D7E-906B-88AB2310BAC0}.Release|Any CPU.Build.0 = Release|Any CPU
	EndGlobalSection
	GlobalSection(SolutionProperties) = preSolution
		HideSolutionNode = FALSE
	EndGlobalSection
	GlobalSection(ExtensibilityGlobals) = postSolution
		SolutionGuid = {38147190-9701-419A-A7CB-C5177F8F352F}
	EndGlobalSection
EndGlobal
